# This file is automatically @generated by Cargo.
# It is not intended for manual editing.
version = 4

[[package]]
name = "pcapraven-cli"
version = "0.0.0"
dependencies = [
 "pcapraven-detection",
 "pcapraven-domain",
 "pcapraven-flows",
 "pcapraven-pcap",
 "pcapraven-protocols",
 "pcapraven-reporting",
]

[[package]]
name = "pcapraven-detection"
version = "0.0.0"
dependencies = [
 "pcapraven-domain",
]

[[package]]
name = "pcapraven-domain"
version = "0.0.0"

[[package]]
name = "pcapraven-flows"
version = "0.0.0"
dependencies = [
 "pcapraven-domain",
]

[[package]]
name = "pcapraven-pcap"
version = "0.0.0"
dependencies = [
 "pcapraven-domain",
]

[[package]]
name = "pcapraven-protocols"
version = "0.0.0"
dependencies = [
 "pcapraven-domain",
]

[[package]]
name = "pcapraven-reporting"
version = "0.0.0"
dependencies = [
 "pcapraven-domain",
]
